
Microsoft Visual Studio Solution File, Format Version 12.00
# Visual Studio Version 17
VisualStudioVersion = 17.5.33516.290
MinimumVisualStudioVersion = 10.0.40219.1
Project("{FAE04EC0-301F-11D3-BF4B-00C04F79EFBC}") = "Grocery Shop Management System", "Grocery Shop Management System\Grocery Shop Management System.csproj", "{3226C7D8-D1F7-4250-BC5E-0628692E89CC}"
EndProject
Global
	GlobalSection(SolutionConfigurationPlatforms) = preSolution
		Debug|Any CPU = Debug|Any CPU
		Release|Any CPU = Release|Any CPU
	EndGlobalSection
	GlobalSection(ProjectConfigurationPlatforms) = postSolution
		{3226C7D8-D1F7-4250-BC5E-0628692E89CC}.Debug|Any CPU.ActiveCfg = Debug|Any CPU
		{3226C7D8-D1F7-4250-BC5E-0628692E89CC}.Debug|Any CPU.Build.0 = Debug|Any CPU
		{3226C7D8-D1F7-4250-BC5E-0628692E89CC}.Release|Any CPU.ActiveCfg = Release|Any CPU
		{3226C7D8-D1F7-4250-BC5E-0628692E89CC}.Release|Any CPU.Build.0 = Release|Any CPU
	EndGlobalSection
	GlobalSection(SolutionProperties) = preSolution
		HideSolutionNode = FALSE
	EndGlobalSection
	GlobalSection(ExtensibilityGlobals) = postSolution
		SolutionGuid = {498CC0F3-1E94-41AA-BD60-190F48AD902A}
	EndGlobalSection
EndGlobal
